
Microsoft Visual Studio Solution File, Format Version 12.00
# Visual Studio Version 16
VisualStudioVersion = 16.0.29728.190
MinimumVisualStudioVersion = 10.0.40219.1
Project("{FAE04EC0-301F-11D3-BF4B-00C04F79EFBC}") = "MockMeteringsUnits", "MockMeteringsUnits.csproj", "{1642973E-C57B-4B74-B57F-F2DE4C876243}"
EndProject
Global
	GlobalSection(SolutionConfigurationPlatforms) = preSolution
		Debug|Any CPU = Debug|Any CPU
		Release|Any CPU = Release|Any CPU
	EndGlobalSection
	GlobalSection(ProjectConfigurationPlatforms) = postSolution
		{1642973E-C57B-4B74-B57F-F2DE4C876243}.Debug|Any CPU.ActiveCfg = Debug|Any CPU
		{1642973E-C57B-4B74-B57F-F2DE4C876243}.Debug|Any CPU.Build.0 = Debug|Any CPU
		{1642973E-C57B-4B74-B57F-F2DE4C876243}.Release|Any CPU.ActiveCfg = Release|Any CPU
		{1642973E-C57B-4B74-B57F-F2DE4C876243}.Release|Any CPU.Build.0 = Release|Any CPU
	EndGlobalSection
	GlobalSection(SolutionProperties) = preSolution
		HideSolutionNode = FALSE
	EndGlobalSection
	GlobalSection(ExtensibilityGlobals) = postSolution
		SolutionGuid = {43E10084-D91C-4B5B-BD6B-49ADB00EC504}
	EndGlobalSection
EndGlobal
